// !$*UTF8*$!
{
	archiveVersion = 1;
	classes = {
	};
	objectVersion = 46;
	objects = {

/* Begin PBXBuildFile section */
		09ACA136F891B1F9DB63AC86 /* libPods-RealmLoadFile.a in Frameworks */ = {isa = PBXBuildFile; fileRef = EEACD98F23730FC8FE14DCB7 /* libPods-RealmLoadFile.a */; };
		A341C37B1C9AB28B00F201C5 /* main.m in Sources */ = {isa = PBXBuildFile; fileRef = A341C37A1C9AB28B00F201C5 /* main.m */; };
		A341C37E1C9AB28B00F201C5 /* AppDelegate.m in Sources */ = {isa = PBXBuildFile; fileRef = A341C37D1C9AB28B00F201C5 /* AppDelegate.m */; };
		A341C3841C9AB28B00F201C5 /* Main.storyboard in Resources */ = {isa = PBXBuildFile; fileRef = A341C3821C9AB28B00F201C5 /* Main.storyboard */; };
		A341C3861C9AB28B00F201C5 /* Assets.xcassets in Resources */ = {isa = PBXBuildFile; fileRef = A341C3851C9AB28B00F201C5 /* Assets.xcassets */; };
		A341C3891C9AB28B00F201C5 /* LaunchScreen.storyboard in Resources */ = {isa = PBXBuildFile; fileRef = A341C3871C9AB28B00F201C5 /* LaunchScreen.storyboard */; };
		A341C3911C9AB2C100F201C5 /* Podfile in Resources */ = {isa = PBXBuildFile; fileRef = A341C3901C9AB2C100F201C5 /* Podfile */; };
		A341C3931C9AB51700F201C5 /* Test.realm in Resources */ = {isa = PBXBuildFile; fileRef = A341C3921C9AB51700F201C5 /* Test.realm */; };
		A341C3961C9AB57A00F201C5 /* RealmTVC.m in Sources */ = {isa = PBXBuildFile; fileRef = A341C3951C9AB57A00F201C5 /* RealmTVC.m */; };
		A341C3991C9AB8B700F201C5 /* RealmTestClass0.m in Sources */ = {isa = PBXBuildFile; fileRef = A341C3981C9AB8B700F201C5 /* RealmTestClass0.m */; };
		A341C39B1C9AD67100F201C5 /* sshot.png in Resources */ = {isa = PBXBuildFile; fileRef = A341C39A1C9AD67100F201C5 /* sshot.png */; };
		A341C39D1C9AD68300F201C5 /* Readme.md in Sources */ = {isa = PBXBuildFile; fileRef = A341C39C1C9AD68300F201C5 /* Readme.md */; };
		A341C3A01C9AD79600F201C5 /* DetailVC.m in Sources */ = {isa = PBXBuildFile; fileRef = A341C39F1C9AD79600F201C5 /* DetailVC.m */; };
/* End PBXBuildFile section */

/* Begin PBXFileReference section */
		A341C3761C9AB28B00F201C5 /* RealmLoadFile.app */ = {isa = PBXFileReference; explicitFileType = wrapper.application; includeInIndex = 0; path = RealmLoadFile.app; sourceTree = BUILT_PRODUCTS_DIR; };
		A341C37A1C9AB28B00F201C5 /* main.m */ = {isa = PBXFileReference; lastKnownFileType = sourcecode.c.objc; path = main.m; sourceTree = "<group>"; };
		A341C37C1C9AB28B00F201C5 /* AppDelegate.h */ = {isa = PBXFileReference; lastKnownFileType = sourcecode.c.h; path = AppDelegate.h; sourceTree = "<group>"; };
		A341C37D1C9AB28B00F201C5 /* AppDelegate.m */ = {isa = PBXFileReference; lastKnownFileType = sourcecode.c.objc; path = AppDelegate.m; sourceTree = "<group>"; };
		A341C3831C9AB28B00F201C5 /* Base */ = {isa = PBXFileReference; lastKnownFileType = file.storyboard; name = Base; path = Base.lproj/Main.storyboard; sourceTree = "<group>"; };
		A341C3851C9AB28B00F201C5 /* Assets.xcassets */ = {isa = PBXFileReference; lastKnownFileType = folder.assetcatalog; path = Assets.xcassets; sourceTree = "<group>"; };
		A341C3881C9AB28B00F201C5 /* Base */ = {isa = PBXFileReference; lastKnownFileType = file.storyboard; name = Base; path = Base.lproj/LaunchScreen.storyboard; sourceTree = "<group>"; };
		A341C38A1C9AB28B00F201C5 /* Info.plist */ = {isa = PBXFileReference; lastKnownFileType = text.plist.xml; path = Info.plist; sourceTree = "<group>"; };
		A341C3901C9AB2C100F201C5 /* Podfile */ = {isa = PBXFileReference; fileEncoding = 4; lastKnownFileType = text; path = Podfile; sourceTree = "<group>"; };
		A341C3921C9AB51700F201C5 /* Test.realm */ = {isa = PBXFileReference; lastKnownFileType = file; path = Test.realm; sourceTree = "<group>"; };
		A341C3941C9AB57A00F201C5 /* RealmTVC.h */ = {isa = PBXFileReference; fileEncoding = 4; lastKnownFileType = sourcecode.c.h; path = RealmTVC.h; sourceTree = "<group>"; };
		A341C3951C9AB57A00F201C5 /* RealmTVC.m */ = {isa = PBXFileReference; fileEncoding = 4; lastKnownFileType = sourcecode.c.objc; path = RealmTVC.m; sourceTree = "<group>"; };
		A341C3971C9AB8B700F201C5 /* RealmTestClass0.h */ = {isa = PBXFileReference; fileEncoding = 4; lastKnownFileType = sourcecode.c.h; path = RealmTestClass0.h; sourceTree = "<group>"; };
		A341C3981C9AB8B700F201C5 /* RealmTestClass0.m */ = {isa = PBXFileReference; fileEncoding = 4; lastKnownFileType = sourcecode.c.objc; path = RealmTestClass0.m; sourceTree = "<group>"; };
		A341C39A1C9AD67100F201C5 /* sshot.png */ = {isa = PBXFileReference; lastKnownFileType = image.png; path = sshot.png; sourceTree = "<group>"; };
		A341C39C1C9AD68300F201C5 /* Readme.md */ = {isa = PBXFileReference; fileEncoding = 4; lastKnownFileType = net.daringfireball.markdown; path = Readme.md; sourceTree = "<group>"; };
		A341C39E1C9AD79600F201C5 /* DetailVC.h */ = {isa = PBXFileReference; fileEncoding = 4; lastKnownFileType = sourcecode.c.h; path = DetailVC.h; sourceTree = "<group>"; };
		A341C39F1C9AD79600F201C5 /* DetailVC.m */ = {isa = PBXFileReference; fileEncoding = 4; lastKnownFileType = sourcecode.c.objc; path = DetailVC.m; sourceTree = "<group>"; };
		C2EEBDF9A791197E2C0050E0 /* Pods-RealmLoadFile.debug.xcconfig */ = {isa = PBXFileReference; includeInIndex = 1; lastKnownFileType = text.xcconfig; name = "Pods-RealmLoadFile.debug.xcconfig"; path = "Pods/Target Support Files/Pods-RealmLoadFile/Pods-RealmLoadFile.debug.xcconfig"; sourceTree = "<group>"; };
		D126AFA0251A255D2066A24C /* Pods-RealmLoadFile.release.xcconfig */ = {isa = PBXFileReference; includeInIndex = 1; lastKnownFileType = text.xcconfig; name = "Pods-RealmLoadFile.release.xcconfig"; path = "Pods/Target Support Files/Pods-RealmLoadFile/Pods-RealmLoadFile.release.xcconfig"; sourceTree = "<group>"; };
		EEACD98F23730FC8FE14DCB7 /* libPods-RealmLoadFile.a */ = {isa = PBXFileReference; explicitFileType = archive.ar; includeInIndex = 0; path = "libPods-RealmLoadFile.a"; sourceTree = BUILT_PRODUCTS_DIR; };
/* End PBXFileReference section */

/* Begin PBXFrameworksBuildPhase section */
		A341C3731C9AB28B00F201C5 /* Frameworks */ = {
			isa = PBXFrameworksBuildPhase;
			buildActionMask = 2147483647;
			files = (
				09ACA136F891B1F9DB63AC86 /* libPods-RealmLoadFile.a in Frameworks */,
			);
			runOnlyForDeploymentPostprocessing = 0;
		};
/* End PBXFrameworksBuildPhase section */

/* Begin PBXGroup section */
		88A2495F2AD42124BCDC79AD /* Frameworks */ = {
			isa = PBXGroup;
			children = (
				EEACD98F23730FC8FE14DCB7 /* libPods-RealmLoadFile.a */,
			);
			name = Frameworks;
			sourceTree = "<group>";
		};
		A341C36D1C9AB28B00F201C5 = {
			isa = PBXGroup;
			children = (
				A341C39C1C9AD68300F201C5 /* Readme.md */,
				A341C3901C9AB2C100F201C5 /* Podfile */,
				A341C39A1C9AD67100F201C5 /* sshot.png */,
				A341C3781C9AB28B00F201C5 /* RealmLoadFile */,
				A341C3771C9AB28B00F201C5 /* Products */,
				AC92A0E3BD209A7741595919 /* Pods */,
				88A2495F2AD42124BCDC79AD /* Frameworks */,
			);
			sourceTree = "<group>";
		};
		A341C3771C9AB28B00F201C5 /* Products */ = {
			isa = PBXGroup;
			children = (
				A341C3761C9AB28B00F201C5 /* RealmLoadFile.app */,
			);
			name = Products;
			sourceTree = "<group>";
		};
		A341C3781C9AB28B00F201C5 /* RealmLoadFile */ = {
			isa = PBXGroup;
			children = (
				A341C3921C9AB51700F201C5 /* Test.realm */,
				A341C37C1C9AB28B00F201C5 /* AppDelegate.h */,
				A341C37D1C9AB28B00F201C5 /* AppDelegate.m */,
				A341C3821C9AB28B00F201C5 /* Main.storyboard */,
				A341C3941C9AB57A00F201C5 /* RealmTVC.h */,
				A341C3951C9AB57A00F201C5 /* RealmTVC.m */,
				A341C39E1C9AD79600F201C5 /* DetailVC.h */,
				A341C39F1C9AD79600F201C5 /* DetailVC.m */,
				A341C3851C9AB28B00F201C5 /* Assets.xcassets */,
				A341C3871C9AB28B00F201C5 /* LaunchScreen.storyboard */,
				A341C38A1C9AB28B00F201C5 /* Info.plist */,
				A341C3791C9AB28B00F201C5 /* Supporting Files */,
				A341C3971C9AB8B700F201C5 /* RealmTestClass0.h */,
				A341C3981C9AB8B700F201C5 /* RealmTestClass0.m */,
			);
			path = RealmLoadFile;
			sourceTree = "<group>";
		};
		A341C3791C9AB28B00F201C5 /* Supporting Files */ = {
			isa = PBXGroup;
			children = (
				A341C37A1C9AB28B00F201C5 /* main.m */,
			);
			name = "Supporting Files";
			sourceTree = "<group>";
		};
		AC92A0E3BD209A7741595919 /* Pods */ = {
			isa = PBXGroup;
			children = (
				C2EEBDF9A791197E2C0050E0 /* Pods-RealmLoadFile.debug.xcconfig */,
				D126AFA0251A255D2066A24C /* Pods-RealmLoadFile.release.xcconfig */,
			);
			name = Pods;
			sourceTree = "<group>";
		};
/* End PBXGroup section */

/* Begin PBXNativeTarget section */
		A341C3751C9AB28B00F201C5 /* RealmLoadFile */ = {
			isa = PBXNativeTarget;
			buildConfigurationList = A341C38D1C9AB28B00F201C5 /* Build configuration list for PBXNativeTarget "RealmLoadFile" */;
			buildPhases = (
				3B39A8E560A7C7ED10E6521F /* Check Pods Manifest.lock */,
				A341C3721C9AB28B00F201C5 /* Sources */,
				A341C3731C9AB28B00F201C5 /* Frameworks */,
				A341C3741C9AB28B00F201C5 /* Resources */,
				57CB1771425CC08FA91287DF /* Embed Pods Frameworks */,
				3C44989A2846FACF379E2302 /* Copy Pods Resources */,
			);
			buildRules = (
			);
			dependencies = (
			);
			name = RealmLoadFile;
			productName = RealmLoadFile;
			productReference = A341C3761C9AB28B00F201C5 /* RealmLoadFile.app */;
			productType = "com.apple.product-type.application";
		};
/* End PBXNativeTarget section */

/* Begin PBXProject section */
		A341C36E1C9AB28B00F201C5 /* Project object */ = {
			isa = PBXProject;
			attributes = {
				LastUpgradeCheck = 0720;
				ORGANIZATIONNAME = "iReka Soft";
				TargetAttributes = {
					A341C3751C9AB28B00F201C5 = {
						CreatedOnToolsVersion = 7.2.1;
					};
				};
			};
			buildConfigurationList = A341C3711C9AB28B00F201C5 /* Build configuration list for PBXProject "RealmLoadFile" */;
			compatibilityVersion = "Xcode 3.2";
			developmentRegion = English;
			hasScannedForEncodings = 0;
			knownRegions = (
				en,
				Base,
			);
			mainGroup = A341C36D1C9AB28B00F201C5;
			productRefGroup = A341C3771C9AB28B00F201C5 /* Products */;
			projectDirPath = "";
			projectRoot = "";
			targets = (
				A341C3751C9AB28B00F201C5 /* RealmLoadFile */,
			);
		};
/* End PBXProject section */

/* Begin PBXResourcesBuildPhase section */
		A341C3741C9AB28B00F201C5 /* Resources */ = {
			isa = PBXResourcesBuildPhase;
			buildActionMask = 2147483647;
			files = (
				A341C3891C9AB28B00F201C5 /* LaunchScreen.storyboard in Resources */,
				A341C3861C9AB28B00F201C5 /* Assets.xcassets in Resources */,
				A341C3931C9AB51700F201C5 /* Test.realm in Resources */,
				A341C3911C9AB2C100F201C5 /* Podfile in Resources */,
				A341C39B1C9AD67100F201C5 /* sshot.png in Resources */,
				A341C3841C9AB28B00F201C5 /* Main.storyboard in Resources */,
			);
			runOnlyForDeploymentPostprocessing = 0;
		};
/* End PBXResourcesBuildPhase section */

/* Begin PBXShellScriptBuildPhase section */
		3B39A8E560A7C7ED10E6521F /* Check Pods Manifest.lock */ = {
			isa = PBXShellScriptBuildPhase;
			buildActionMask = 2147483647;
			files = (
			);
			inputPaths = (
			);
			name = "Check Pods Manifest.lock";
			outputPaths = (
			);
			runOnlyForDeploymentPostprocessing = 0;
			shellPath = /bin/sh;
			shellScript = "diff \"${PODS_ROOT}/../Podfile.lock\" \"${PODS_ROOT}/Manifest.lock\" > /dev/null\nif [[ $? != 0 ]] ; then\n    cat << EOM\nerror: The sandbox is not in sync with the Podfile.lock. Run 'pod install' or update your CocoaPods installation.\nEOM\n    exit 1\nfi\n";
			showEnvVarsInLog = 0;
		};
		3C44989A2846FACF379E2302 /* Copy Pods Resources */ = {
			isa = PBXShellScriptBuildPhase;
			buildActionMask = 2147483647;
			files = (
			);
			inputPaths = (
			);
			name = "Copy Pods Resources";
			outputPaths = (
			);
			runOnlyForDeploymentPostprocessing = 0;
			shellPath = /bin/sh;
			shellScript = "\"${SRCROOT}/Pods/Target Support Files/Pods-RealmLoadFile/Pods-RealmLoadFile-resources.sh\"\n";
			showEnvVarsInLog = 0;
		};
		57CB1771425CC08FA91287DF /* Embed Pods Frameworks */ = {
			isa = PBXShellScriptBuildPhase;
			buildActionMask = 2147483647;
			files = (
			);
			inputPaths = (
			);
			name = "Embed Pods Frameworks";
			outputPaths = (
			);
			runOnlyForDeploymentPostprocessing = 0;
			shellPath = /bin/sh;
			shellScript = "\"${SRCROOT}/Pods/Target Support Files/Pods-RealmLoadFile/Pods-RealmLoadFile-frameworks.sh\"\n";
			showEnvVarsInLog = 0;
		};
/* End PBXShellScriptBuildPhase section */

/* Begin PBXSourcesBuildPhase section */
		A341C3721C9AB28B00F201C5 /* Sources */ = {
			isa = PBXSourcesBuildPhase;
			buildActionMask = 2147483647;
			files = (
				A341C37E1C9AB28B00F201C5 /* AppDelegate.m in Sources */,
				A341C39D1C9AD68300F201C5 /* Readme.md in Sources */,
				A341C37B1C9AB28B00F201C5 /* main.m in Sources */,
				A341C3A01C9AD79600F201C5 /* DetailVC.m in Sources */,
				A341C3991C9AB8B700F201C5 /* RealmTestClass0.m in Sources */,
				A341C3961C9AB57A00F201C5 /* RealmTVC.m in Sources */,
			);
			runOnlyForDeploymentPostprocessing = 0;
		};
/* End PBXSourcesBuildPhase section */

/* Begin PBXVariantGroup section */
		A341C3821C9AB28B00F201C5 /* Main.storyboard */ = {
			isa = PBXVariantGroup;
			children = (
				A341C3831C9AB28B00F201C5 /* Base */,
			);
			name = Main.storyboard;
			sourceTree = "<group>";
		};
		A341C3871C9AB28B00F201C5 /* LaunchScreen.storyboard */ = {
			isa = PBXVariantGroup;
			children = (
				A341C3881C9AB28B00F201C5 /* Base */,
			);
			name = LaunchScreen.storyboard;
			sourceTree = "<group>";
		};
/* End PBXVariantGroup section */

/* Begin XCBuildConfiguration section */
		A341C38B1C9AB28B00F201C5 /* Debug */ = {
			isa = XCBuildConfiguration;
			buildSettings = {
				ALWAYS_SEARCH_USER_PATHS = NO;
				CLANG_CXX_LANGUAGE_STANDARD = "gnu++0x";
				CLANG_CXX_LIBRARY = "libc++";
				CLANG_ENABLE_MODULES = YES;
				CLANG_ENABLE_OBJC_ARC = YES;
				CLANG_WARN_BOOL_CONVERSION = YES;
				CLANG_WARN_CONSTANT_CONVERSION = YES;
				CLANG_WARN_DIRECT_OBJC_ISA_USAGE = YES_ERROR;
				CLANG_WARN_EMPTY_BODY = YES;
				CLANG_WARN_ENUM_CONVERSION = YES;
				CLANG_WARN_INT_CONVERSION = YES;
				CLANG_WARN_OBJC_ROOT_CLASS = YES_ERROR;
				CLANG_WARN_UNREACHABLE_CODE = YES;
				CLANG_WARN__DUPLICATE_METHOD_MATCH = YES;
				"CODE_SIGN_IDENTITY[sdk=iphoneos*]" = "iPhone Developer";
				COPY_PHASE_STRIP = NO;
				DEBUG_INFORMATION_FORMAT = dwarf;
				ENABLE_STRICT_OBJC_MSGSEND = YES;
				ENABLE_TESTABILITY = YES;
				GCC_C_LANGUAGE_STANDARD = gnu99;
				GCC_DYNAMIC_NO_PIC = NO;
				GCC_NO_COMMON_BLOCKS = YES;
				GCC_OPTIMIZATION_LEVEL = 0;
				GCC_PREPROCESSOR_DEFINITIONS = (
					"DEBUG=1",
					"$(inherited)",
				);
				GCC_WARN_64_TO_32_BIT_CONVERSION = YES;
				GCC_WARN_ABOUT_RETURN_TYPE = YES_ERROR;
				GCC_WARN_UNDECLARED_SELECTOR = YES;
				GCC_WARN_UNINITIALIZED_AUTOS = YES_AGGRESSIVE;
				GCC_WARN_UNUSED_FUNCTION = YES;
				GCC_WARN_UNUSED_VARIABLE = YES;
				IPHONEOS_DEPLOYMENT_TARGET = 9.2;
				MTL_ENABLE_DEBUG_INFO = YES;
				ONLY_ACTIVE_ARCH = YES;
				SDKROOT = iphoneos;
				TARGETED_DEVICE_FAMILY = "1,2";
			};
			name = Debug;
		};
		A341C38C1C9AB28B00F201C5 /* Release */ = {
			isa = XCBuildConfiguration;
			buildSettings = {
				ALWAYS_SEARCH_USER_PATHS = NO;
				CLANG_CXX_LANGUAGE_STANDARD = "gnu++0x";
				CLANG_CXX_LIBRARY = "libc++";
				CLANG_ENABLE_MODULES = YES;
				CLANG_ENABLE_OBJC_ARC = YES;
				CLANG_WARN_BOOL_CONVERSION = YES;
				CLANG_WARN_CONSTANT_CONVERSION = YES;
				CLANG_WARN_DIRECT_OBJC_ISA_USAGE = YES_ERROR;
				CLANG_WARN_EMPTY_BODY = YES;
				CLANG_WARN_ENUM_CONVERSION = YES;
				CLANG_WARN_INT_CONVERSION = YES;
				CLANG_WARN_OBJC_ROOT_CLASS = YES_ERROR;
				CLANG_WARN_UNREACHABLE_CODE = YES;
				CLANG_WARN__DUPLICATE_METHOD_MATCH = YES;
				"CODE_SIGN_IDENTITY[sdk=iphoneos*]" = "iPhone Developer";
				COPY_PHASE_STRIP = NO;
				DEBUG_INFORMATION_FORMAT = "dwarf-with-dsym";
				ENABLE_NS_ASSERTIONS = NO;
				ENABLE_STRICT_OBJC_MSGSEND = YES;
				GCC_C_LANGUAGE_STANDARD = gnu99;
				GCC_NO_COMMON_BLOCKS = YES;
				GCC_WARN_64_TO_32_BIT_CONVERSION = YES;
				GCC_WARN_ABOUT_RETURN_TYPE = YES_ERROR;
				GCC_WARN_UNDECLARED_SELECTOR = YES;
				GCC_WARN_UNINITIALIZED_AUTOS = YES_AGGRESSIVE;
				GCC_WARN_UNUSED_FUNCTION = YES;
				GCC_WARN_UNUSED_VARIABLE = YES;
				IPHONEOS_DEPLOYMENT_TARGET = 9.2;
				MTL_ENABLE_DEBUG_INFO = NO;
				SDKROOT = iphoneos;
				TARGETED_DEVICE_FAMILY = "1,2";
				VALIDATE_PRODUCT = YES;
			};
			name = Release;
		};
		A341C38E1C9AB28B00F201C5 /* Debug */ = {
			isa = XCBuildConfiguration;
			baseConfigurationReference = C2EEBDF9A791197E2C0050E0 /* Pods-RealmLoadFile.debug.xcconfig */;
			buildSettings = {
				ASSETCATALOG_COMPILER_APPICON_NAME = AppIcon;
				INFOPLIST_FILE = RealmLoadFile/Info.plist;
				LD_RUNPATH_SEARCH_PATHS = "$(inherited) @executable_path/Frameworks";
				PRODUCT_BUNDLE_IDENTIFIER = com.irekasoft.RealmLoadFile;
				PRODUCT_NAME = "$(TARGET_NAME)";
			};
			name = Debug;
		};
		A341C38F1C9AB28B00F201C5 /* Release */ = {
			isa = XCBuildConfiguration;
			baseConfigurationReference = D126AFA0251A255D2066A24C /* Pods-RealmLoadFile.release.xcconfig */;
			buildSettings = {
				ASSETCATALOG_COMPILER_APPICON_NAME = AppIcon;
				INFOPLIST_FILE = RealmLoadFile/Info.plist;
				LD_RUNPATH_SEARCH_PATHS = "$(inherited) @executable_path/Frameworks";
				PRODUCT_BUNDLE_IDENTIFIER = com.irekasoft.RealmLoadFile;
				PRODUCT_NAME = "$(TARGET_NAME)";
			};
			name = Release;
		};
/* End XCBuildConfiguration section */

/* Begin XCConfigurationList section */
		A341C3711C9AB28B00F201C5 /* Build configuration list for PBXProject "RealmLoadFile" */ = {
			isa = XCConfigurationList;
			buildConfigurations = (
				A341C38B1C9AB28B00F201C5 /* Debug */,
				A341C38C1C9AB28B00F201C5 /* Release */,
			);
			defaultConfigurationIsVisible = 0;
			defaultConfigurationName = Release;
		};
		A341C38D1C9AB28B00F201C5 /* Build configuration list for PBXNativeTarget "RealmLoadFile" */ = {
			isa = XCConfigurationList;
			buildConfigurations = (
				A341C38E1C9AB28B00F201C5 /* Debug */,
				A341C38F1C9AB28B00F201C5 /* Release */,
			);
			defaultConfigurationIsVisible = 0;
			defaultConfigurationName = Release;
		};
/* End XCConfigurationList section */
	};
	rootObject = A341C36E1C9AB28B00F201C5 /* Project object */;
}
